
Microsoft Visual Studio Solution File, Format Version 12.00
# Visual Studio 15
VisualStudioVersion = 15.0.27004.2002
MinimumVisualStudioVersion = 10.0.40219.1
Project("{FAE04EC0-301F-11D3-BF4B-00C04F79EFBC}") = "FiveMServerController", "FXServerController\FiveMServerController.csproj", "{048E2CB1-DD53-4719-84B5-3FE760A3DA39}"
EndProject
Global
	GlobalSection(SolutionConfigurationPlatforms) = preSolution
		Debug|Any CPU = Debug|Any CPU
		Release|Any CPU = Release|Any CPU
	EndGlobalSection
	GlobalSection(ProjectConfigurationPlatforms) = postSolution
		{048E2CB1-DD53-4719-84B5-3FE760A3DA39}.Debug|Any CPU.ActiveCfg = Debug|Any CPU
		{048E2CB1-DD53-4719-84B5-3FE760A3DA39}.Debug|Any CPU.Build.0 = Debug|Any CPU
		{048E2CB1-DD53-4719-84B5-3FE760A3DA39}.Release|Any CPU.ActiveCfg = Release|Any CPU
		{048E2CB1-DD53-4719-84B5-3FE760A3DA39}.Release|Any CPU.Build.0 = Release|Any CPU
	EndGlobalSection
	GlobalSection(SolutionProperties) = preSolution
		HideSolutionNode = FALSE
	EndGlobalSection
	GlobalSection(ExtensibilityGlobals) = postSolution
		SolutionGuid = {62A07073-0E1A-4D7A-BF6A-8F75E60308E3}
	EndGlobalSection
EndGlobal
